<?xml version="1.0" encoding="utf-8"?>
<Project ToolsVersion="4.0" xmlns="http://schemas.microsoft.com/developer/msbuild/2003">
  <ItemGroup>
    <Filter Include="Platform">
      <UniqueIdentifier>{2AC788B4-1694-E3BF-3FAD-D1672BD9184E}</UniqueIdentifier>
    </Filter>
    <Filter Include="Platform\OpenGL">
      <UniqueIdentifier>{1E7D2C1D-8A08-9AE1-9319-1DD6FF23F6E1}</UniqueIdentifier>
    </Filter>
    <Filter Include="Platform\Windows">
      <UniqueIdentifier>{64FBD71A-50F4-F66C-7926-DCF1657ED678}</UniqueIdentifier>
    </Filter>
    <Filter Include="Quantum">
      <UniqueIdentifier>{90FFF176-FCDE-7012-05F7-FBE87155D773}</UniqueIdentifier>
    </Filter>
    <Filter Include="Quantum\Events">
      <UniqueIdentifier>{74895A61-6057-4E67-49EB-BE8D35582ACC}</UniqueIdentifier>
    </Filter>
    <Filter Include="Quantum\ImGui">
      <UniqueIdentifier>{BAE0FF29-26A1-7B60-EFDB-C4DD5B5BC03C}</UniqueIdentifier>
    </Filter>
  </ItemGroup>
  <ItemGroup>
    <ClInclude Include="src\Platform\OpenGL\ImGuiOpenGLRenderer.h">
      <Filter>Platform\OpenGL</Filter>
    </ClInclude>
    <ClInclude Include="src\Platform\Windows\WindowsWindow.h">
      <Filter>Platform\Windows</Filter>
    </ClInclude>
    <ClInclude Include="src\Quantum.h" />
    <ClInclude Include="src\Quantum\Application.h">
      <Filter>Quantum</Filter>
    </ClInclude>
    <ClInclude Include="src\Quantum\Core.h">
      <Filter>Quantum</Filter>
    </ClInclude>
    <ClInclude Include="src\Quantum\EntryPoint.h">
      <Filter>Quantum</Filter>
    </ClInclude>
    <ClInclude Include="src\Quantum\Events\ApplicationEvent.h">
      <Filter>Quantum\Events</Filter>
    </ClInclude>
    <ClInclude Include="src\Quantum\Events\Event.h">
      <Filter>Quantum\Events</Filter>
    </ClInclude>
    <ClInclude Include="src\Quantum\Events\KeyEvent.h">
      <Filter>Quantum\Events</Filter>
    </ClInclude>
    <ClInclude Include="src\Quantum\Events\MouseEvent.h">
      <Filter>Quantum\Events</Filter>
    </ClInclude>
    <ClInclude Include="src\Quantum\ImGui\ImGuiLayer.h">
      <Filter>Quantum\ImGui</Filter>
    </ClInclude>
    <ClInclude Include="src\Quantum\Layer.h">
      <Filter>Quantum</Filter>
    </ClInclude>
    <ClInclude Include="src\Quantum\LayerStack.h">
      <Filter>Quantum</Filter>
    </ClInclude>
    <ClInclude Include="src\Quantum\Log.h">
      <Filter>Quantum</Filter>
    </ClInclude>
    <ClInclude Include="src\Quantum\Window.h">
      <Filter>Quantum</Filter>
    </ClInclude>
    <ClInclude Include="src\qupch.h" />
    <ClInclude Include="src\Quantum\Input.h" />
    <ClInclude Include="src\Platform\Windows\WindowsInput.h" />
    <ClInclude Include="src\Quantum\KeyCodes.h" />
    <ClInclude Include="src\Quantum\MouseButtonCodes.h" />
  </ItemGroup>
  <ItemGroup>
    <ClCompile Include="src\Platform\OpenGL\ImGuiOpenGLRenderer.cpp">
      <Filter>Platform\OpenGL</Filter>
    </ClCompile>
    <ClCompile Include="src\Platform\Windows\WindowsWindow.cpp">
      <Filter>Platform\Windows</Filter>
    </ClCompile>
    <ClCompile Include="src\Quantum\Application.cpp">
      <Filter>Quantum</Filter>
    </ClCompile>
    <ClCompile Include="src\Quantum\ImGui\ImGuiLayer.cpp">
      <Filter>Quantum\ImGui</Filter>
    </ClCompile>
    <ClCompile Include="src\Quantum\Layer.cpp">
      <Filter>Quantum</Filter>
    </ClCompile>
    <ClCompile Include="src\Quantum\LayerStack.cpp">
      <Filter>Quantum</Filter>
    </ClCompile>
    <ClCompile Include="src\Quantum\Log.cpp">
      <Filter>Quantum</Filter>
    </ClCompile>
    <ClCompile Include="src\qupch.cpp" />
    <ClCompile Include="src\Platform\Windows\WindowsInput.cpp" />
  </ItemGroup>
</Project>